// !$*UTF8*$!
{
	archiveVersion = 1;
	classes = {
	};
	objectVersion = 50;
	objects = {

/* Begin PBXBuildFile section */
		52DFD53325536A670086B8B0 /* AppDelegate.swift in Sources */ = {isa = PBXBuildFile; fileRef = 52DFD53225536A670086B8B0 /* AppDelegate.swift */; };
		52DFD53525536A670086B8B0 /* SceneDelegate.swift in Sources */ = {isa = PBXBuildFile; fileRef = 52DFD53425536A670086B8B0 /* SceneDelegate.swift */; };
		52DFD53725536A670086B8B0 /* RedViewController.swift in Sources */ = {isa = PBXBuildFile; fileRef = 52DFD53625536A670086B8B0 /* RedViewController.swift */; };
		52DFD53A25536A670086B8B0 /* Main.storyboard in Resources */ = {isa = PBXBuildFile; fileRef = 52DFD53825536A670086B8B0 /* Main.storyboard */; };
		52DFD53C25536A6A0086B8B0 /* Assets.xcassets in Resources */ = {isa = PBXBuildFile; fileRef = 52DFD53B25536A6A0086B8B0 /* Assets.xcassets */; };
		52DFD53F25536A6A0086B8B0 /* LaunchScreen.storyboard in Resources */ = {isa = PBXBuildFile; fileRef = 52DFD53D25536A6A0086B8B0 /* LaunchScreen.storyboard */; };
		52DFD54725536F820086B8B0 /* OrangeViewController.swift in Sources */ = {isa = PBXBuildFile; fileRef = 52DFD54625536F820086B8B0 /* OrangeViewController.swift */; };
		52DFD54925539C050086B8B0 /* GreenViewController.swift in Sources */ = {isa = PBXBuildFile; fileRef = 52DFD54825539C050086B8B0 /* GreenViewController.swift */; };
/* End PBXBuildFile section */

/* Begin PBXFileReference section */
		52DFD52F25536A670086B8B0 /* RainbowTab.app */ = {isa = PBXFileReference; explicitFileType = wrapper.application; includeInIndex = 0; path = RainbowTab.app; sourceTree = BUILT_PRODUCTS_DIR; };
		52DFD53225536A670086B8B0 /* AppDelegate.swift */ = {isa = PBXFileReference; lastKnownFileType = sourcecode.swift; path = AppDelegate.swift; sourceTree = "<group>"; };
		52DFD53425536A670086B8B0 /* SceneDelegate.swift */ = {isa = PBXFileReference; lastKnownFileType = sourcecode.swift; path = SceneDelegate.swift; sourceTree = "<group>"; };
		52DFD53625536A670086B8B0 /* RedViewController.swift */ = {isa = PBXFileReference; lastKnownFileType = sourcecode.swift; path = RedViewController.swift; sourceTree = "<group>"; };
		52DFD53925536A670086B8B0 /* Base */ = {isa = PBXFileReference; lastKnownFileType = file.storyboard; name = Base; path = Base.lproj/Main.storyboard; sourceTree = "<group>"; };
		52DFD53B25536A6A0086B8B0 /* Assets.xcassets */ = {isa = PBXFileReference; lastKnownFileType = folder.assetcatalog; path = Assets.xcassets; sourceTree = "<group>"; };
		52DFD53E25536A6A0086B8B0 /* Base */ = {isa = PBXFileReference; lastKnownFileType = file.storyboard; name = Base; path = Base.lproj/LaunchScreen.storyboard; sourceTree = "<group>"; };
		52DFD54025536A6A0086B8B0 /* Info.plist */ = {isa = PBXFileReference; lastKnownFileType = text.plist.xml; path = Info.plist; sourceTree = "<group>"; };
		52DFD54625536F820086B8B0 /* OrangeViewController.swift */ = {isa = PBXFileReference; lastKnownFileType = sourcecode.swift; path = OrangeViewController.swift; sourceTree = "<group>"; };
		52DFD54825539C050086B8B0 /* GreenViewController.swift */ = {isa = PBXFileReference; lastKnownFileType = sourcecode.swift; path = GreenViewController.swift; sourceTree = "<group>"; };
/* End PBXFileReference section */

/* Begin PBXFrameworksBuildPhase section */
		52DFD52C25536A670086B8B0 /* Frameworks */ = {
			isa = PBXFrameworksBuildPhase;
			buildActionMask = 2147483647;
			files = (
			);
			runOnlyForDeploymentPostprocessing = 0;
		};
/* End PBXFrameworksBuildPhase section */

/* Begin PBXGroup section */
		52DFD52625536A670086B8B0 = {
			isa = PBXGroup;
			children = (
				52DFD53125536A670086B8B0 /* RainbowTab */,
				52DFD53025536A670086B8B0 /* Products */,
			);
			sourceTree = "<group>";
		};
		52DFD53025536A670086B8B0 /* Products */ = {
			isa = PBXGroup;
			children = (
				52DFD52F25536A670086B8B0 /* RainbowTab.app */,
			);
			name = Products;
			sourceTree = "<group>";
		};
		52DFD53125536A670086B8B0 /* RainbowTab */ = {
			isa = PBXGroup;
			children = (
				52DFD53225536A670086B8B0 /* AppDelegate.swift */,
				52DFD53425536A670086B8B0 /* SceneDelegate.swift */,
				52DFD53625536A670086B8B0 /* RedViewController.swift */,
				52DFD53825536A670086B8B0 /* Main.storyboard */,
				52DFD54825539C050086B8B0 /* GreenViewController.swift */,
				52DFD54625536F820086B8B0 /* OrangeViewController.swift */,
				52DFD53B25536A6A0086B8B0 /* Assets.xcassets */,
				52DFD53D25536A6A0086B8B0 /* LaunchScreen.storyboard */,
				52DFD54025536A6A0086B8B0 /* Info.plist */,
			);
			path = RainbowTab;
			sourceTree = "<group>";
		};
/* End PBXGroup section */

/* Begin PBXNativeTarget section */
		52DFD52E25536A670086B8B0 /* RainbowTab */ = {
			isa = PBXNativeTarget;
			buildConfigurationList = 52DFD54325536A6A0086B8B0 /* Build configuration list for PBXNativeTarget "RainbowTab" */;
			buildPhases = (
				52DFD52B25536A670086B8B0 /* Sources */,
				52DFD52C25536A670086B8B0 /* Frameworks */,
				52DFD52D25536A670086B8B0 /* Resources */,
			);
			buildRules = (
			);
			dependencies = (
			);
			name = RainbowTab;
			productName = RainbowTab;
			productReference = 52DFD52F25536A670086B8B0 /* RainbowTab.app */;
			productType = "com.apple.product-type.application";
		};
/* End PBXNativeTarget section */

/* Begin PBXProject section */
		52DFD52725536A670086B8B0 /* Project object */ = {
			isa = PBXProject;
			attributes = {
				LastSwiftUpdateCheck = 1170;
				LastUpgradeCheck = 1170;
				ORGANIZATIONNAME = "John Ly";
				TargetAttributes = {
					52DFD52E25536A670086B8B0 = {
						CreatedOnToolsVersion = 11.7;
					};
				};
			};
			buildConfigurationList = 52DFD52A25536A670086B8B0 /* Build configuration list for PBXProject "RainbowTab" */;
			compatibilityVersion = "Xcode 9.3";
			developmentRegion = en;
			hasScannedForEncodings = 0;
			knownRegions = (
				en,
				Base,
			);
			mainGroup = 52DFD52625536A670086B8B0;
			productRefGroup = 52DFD53025536A670086B8B0 /* Products */;
			projectDirPath = "";
			projectRoot = "";
			targets = (
				52DFD52E25536A670086B8B0 /* RainbowTab */,
			);
		};
/* End PBXProject section */

/* Begin PBXResourcesBuildPhase section */
		52DFD52D25536A670086B8B0 /* Resources */ = {
			isa = PBXResourcesBuildPhase;
			buildActionMask = 2147483647;
			files = (
				52DFD53F25536A6A0086B8B0 /* LaunchScreen.storyboard in Resources */,
				52DFD53C25536A6A0086B8B0 /* Assets.xcassets in Resources */,
				52DFD53A25536A670086B8B0 /* Main.storyboard in Resources */,
			);
			runOnlyForDeploymentPostprocessing = 0;
		};
/* End PBXResourcesBuildPhase section */

/* Begin PBXSourcesBuildPhase section */
		52DFD52B25536A670086B8B0 /* Sources */ = {
			isa = PBXSourcesBuildPhase;
			buildActionMask = 2147483647;
			files = (
				52DFD54725536F820086B8B0 /* OrangeViewController.swift in Sources */,
				52DFD53725536A670086B8B0 /* RedViewController.swift in Sources */,
				52DFD53325536A670086B8B0 /* AppDelegate.swift in Sources */,
				52DFD53525536A670086B8B0 /* SceneDelegate.swift in Sources */,
				52DFD54925539C050086B8B0 /* GreenViewController.swift in Sources */,
			);
			runOnlyForDeploymentPostprocessing = 0;
		};
/* End PBXSourcesBuildPhase section */

/* Begin PBXVariantGroup section */
		52DFD53825536A670086B8B0 /* Main.storyboard */ = {
			isa = PBXVariantGroup;
			children = (
				52DFD53925536A670086B8B0 /* Base */,
			);
			name = Main.storyboard;
			sourceTree = "<group>";
		};
		52DFD53D25536A6A0086B8B0 /* LaunchScreen.storyboard */ = {
			isa = PBXVariantGroup;
			children = (
				52DFD53E25536A6A0086B8B0 /* Base */,
			);
			name = LaunchScreen.storyboard;
			sourceTree = "<group>";
		};
/* End PBXVariantGroup section */

/* Begin XCBuildConfiguration section */
		52DFD54125536A6A0086B8B0 /* Debug */ = {
			isa = XCBuildConfiguration;
			buildSettings = {
				ALWAYS_SEARCH_USER_PATHS = NO;
				CLANG_ANALYZER_NONNULL = YES;
				CLANG_ANALYZER_NUMBER_OBJECT_CONVERSION = YES_AGGRESSIVE;
				CLANG_CXX_LANGUAGE_STANDARD = "gnu++14";
				CLANG_CXX_LIBRARY = "libc++";
				CLANG_ENABLE_MODULES = YES;
				CLANG_ENABLE_OBJC_ARC = YES;
				CLANG_ENABLE_OBJC_WEAK = YES;
				CLANG_WARN_BLOCK_CAPTURE_AUTORELEASING = YES;
				CLANG_WARN_BOOL_CONVERSION = YES;
				CLANG_WARN_COMMA = YES;
				CLANG_WARN_CONSTANT_CONVERSION = YES;
				CLANG_WARN_DEPRECATED_OBJC_IMPLEMENTATIONS = YES;
				CLANG_WARN_DIRECT_OBJC_ISA_USAGE = YES_ERROR;
				CLANG_WARN_DOCUMENTATION_COMMENTS = YES;
				CLANG_WARN_EMPTY_BODY = YES;
				CLANG_WARN_ENUM_CONVERSION = YES;
				CLANG_WARN_INFINITE_RECURSION = YES;
				CLANG_WARN_INT_CONVERSION = YES;
				CLANG_WARN_NON_LITERAL_NULL_CONVERSION = YES;
				CLANG_WARN_OBJC_IMPLICIT_RETAIN_SELF = YES;
				CLANG_WARN_OBJC_LITERAL_CONVERSION = YES;
				CLANG_WARN_OBJC_ROOT_CLASS = YES_ERROR;
				CLANG_WARN_RANGE_LOOP_ANALYSIS = YES;
				CLANG_WARN_STRICT_PROTOTYPES = YES;
				CLANG_WARN_SUSPICIOUS_MOVE = YES;
				CLANG_WARN_UNGUARDED_AVAILABILITY = YES_AGGRESSIVE;
				CLANG_WARN_UNREACHABLE_CODE = YES;
				CLANG_WARN__DUPLICATE_METHOD_MATCH = YES;
				COPY_PHASE_STRIP = NO;
				DEBUG_INFORMATION_FORMAT = dwarf;
				ENABLE_STRICT_OBJC_MSGSEND = YES;
				ENABLE_TESTABILITY = YES;
				GCC_C_LANGUAGE_STANDARD = gnu11;
				GCC_DYNAMIC_NO_PIC = NO;
				GCC_NO_COMMON_BLOCKS = YES;
				GCC_OPTIMIZATION_LEVEL = 0;
				GCC_PREPROCESSOR_DEFINITIONS = (
					"DEBUG=1",
					"$(inherited)",
				);
				GCC_WARN_64_TO_32_BIT_CONVERSION = YES;
				GCC_WARN_ABOUT_RETURN_TYPE = YES_ERROR;
				GCC_WARN_UNDECLARED_SELECTOR = YES;
				GCC_WARN_UNINITIALIZED_AUTOS = YES_AGGRESSIVE;
				GCC_WARN_UNUSED_FUNCTION = YES;
				GCC_WARN_UNUSED_VARIABLE = YES;
				IPHONEOS_DEPLOYMENT_TARGET = 13.7;
				MTL_ENABLE_DEBUG_INFO = INCLUDE_SOURCE;
				MTL_FAST_MATH = YES;
				ONLY_ACTIVE_ARCH = YES;
				SDKROOT = iphoneos;
				SWIFT_ACTIVE_COMPILATION_CONDITIONS = DEBUG;
				SWIFT_OPTIMIZATION_LEVEL = "-Onone";
			};
			name = Debug;
		};
		52DFD54225536A6A0086B8B0 /* Release */ = {
			isa = XCBuildConfiguration;
			buildSettings = {
				ALWAYS_SEARCH_USER_PATHS = NO;
				CLANG_ANALYZER_NONNULL = YES;
				CLANG_ANALYZER_NUMBER_OBJECT_CONVERSION = YES_AGGRESSIVE;
				CLANG_CXX_LANGUAGE_STANDARD = "gnu++14";
				CLANG_CXX_LIBRARY = "libc++";
				CLANG_ENABLE_MODULES = YES;
				CLANG_ENABLE_OBJC_ARC = YES;
				CLANG_ENABLE_OBJC_WEAK = YES;
				CLANG_WARN_BLOCK_CAPTURE_AUTORELEASING = YES;
				CLANG_WARN_BOOL_CONVERSION = YES;
				CLANG_WARN_COMMA = YES;
				CLANG_WARN_CONSTANT_CONVERSION = YES;
				CLANG_WARN_DEPRECATED_OBJC_IMPLEMENTATIONS = YES;
				CLANG_WARN_DIRECT_OBJC_ISA_USAGE = YES_ERROR;
				CLANG_WARN_DOCUMENTATION_COMMENTS = YES;
				CLANG_WARN_EMPTY_BODY = YES;
				CLANG_WARN_ENUM_CONVERSION = YES;
				CLANG_WARN_INFINITE_RECURSION = YES;
				CLANG_WARN_INT_CONVERSION = YES;
				CLANG_WARN_NON_LITERAL_NULL_CONVERSION = YES;
				CLANG_WARN_OBJC_IMPLICIT_RETAIN_SELF = YES;
				CLANG_WARN_OBJC_LITERAL_CONVERSION = YES;
				CLANG_WARN_OBJC_ROOT_CLASS = YES_ERROR;
				CLANG_WARN_RANGE_LOOP_ANALYSIS = YES;
				CLANG_WARN_STRICT_PROTOTYPES = YES;
				CLANG_WARN_SUSPICIOUS_MOVE = YES;
				CLANG_WARN_UNGUARDED_AVAILABILITY = YES_AGGRESSIVE;
				CLANG_WARN_UNREACHABLE_CODE = YES;
				CLANG_WARN__DUPLICATE_METHOD_MATCH = YES;
				COPY_PHASE_STRIP = NO;
				DEBUG_INFORMATION_FORMAT = "dwarf-with-dsym";
				ENABLE_NS_ASSERTIONS = NO;
				ENABLE_STRICT_OBJC_MSGSEND = YES;
				GCC_C_LANGUAGE_STANDARD = gnu11;
				GCC_NO_COMMON_BLOCKS = YES;
				GCC_WARN_64_TO_32_BIT_CONVERSION = YES;
				GCC_WARN_ABOUT_RETURN_TYPE = YES_ERROR;
				GCC_WARN_UNDECLARED_SELECTOR = YES;
				GCC_WARN_UNINITIALIZED_AUTOS = YES_AGGRESSIVE;
				GCC_WARN_UNUSED_FUNCTION = YES;
				GCC_WARN_UNUSED_VARIABLE = YES;
				IPHONEOS_DEPLOYMENT_TARGET = 13.7;
				MTL_ENABLE_DEBUG_INFO = NO;
				MTL_FAST_MATH = YES;
				SDKROOT = iphoneos;
				SWIFT_COMPILATION_MODE = wholemodule;
				SWIFT_OPTIMIZATION_LEVEL = "-O";
				VALIDATE_PRODUCT = YES;
			};
			name = Release;
		};
		52DFD54425536A6A0086B8B0 /* Debug */ = {
			isa = XCBuildConfiguration;
			buildSettings = {
				ASSETCATALOG_COMPILER_APPICON_NAME = AppIcon;
				CODE_SIGN_STYLE = Automatic;
				INFOPLIST_FILE = RainbowTab/Info.plist;
				LD_RUNPATH_SEARCH_PATHS = (
					"$(inherited)",
					"@executable_path/Frameworks",
				);
				PRODUCT_BUNDLE_IDENTIFIER = johnly.RainbowTab;
				PRODUCT_NAME = "$(TARGET_NAME)";
				SWIFT_VERSION = 5.0;
				TARGETED_DEVICE_FAMILY = "1,2";
			};
			name = Debug;
		};
		52DFD54525536A6A0086B8B0 /* Release */ = {
			isa = XCBuildConfiguration;
			buildSettings = {
				ASSETCATALOG_COMPILER_APPICON_NAME = AppIcon;
				CODE_SIGN_STYLE = Automatic;
				INFOPLIST_FILE = RainbowTab/Info.plist;
				LD_RUNPATH_SEARCH_PATHS = (
					"$(inherited)",
					"@executable_path/Frameworks",
				);
				PRODUCT_BUNDLE_IDENTIFIER = johnly.RainbowTab;
				PRODUCT_NAME = "$(TARGET_NAME)";
				SWIFT_VERSION = 5.0;
				TARGETED_DEVICE_FAMILY = "1,2";
			};
			name = Release;
		};
/* End XCBuildConfiguration section */

/* Begin XCConfigurationList section */
		52DFD52A25536A670086B8B0 /* Build configuration list for PBXProject "RainbowTab" */ = {
			isa = XCConfigurationList;
			buildConfigurations = (
				52DFD54125536A6A0086B8B0 /* Debug */,
				52DFD54225536A6A0086B8B0 /* Release */,
			);
			defaultConfigurationIsVisible = 0;
			defaultConfigurationName = Release;
		};
		52DFD54325536A6A0086B8B0 /* Build configuration list for PBXNativeTarget "RainbowTab" */ = {
			isa = XCConfigurationList;
			buildConfigurations = (
				52DFD54425536A6A0086B8B0 /* Debug */,
				52DFD54525536A6A0086B8B0 /* Release */,
			);
			defaultConfigurationIsVisible = 0;
			defaultConfigurationName = Release;
		};
/* End XCConfigurationList section */
	};
	rootObject = 52DFD52725536A670086B8B0 /* Project object */;
}
